// !$*UTF8*$!
{
	archiveVersion = 1;
	classes = {
	};
	objectVersion = 46;
	objects = {

/* Begin PBXBuildFile section */
		292635631CB9504A003E1DA7 /* AppDelegate.swift in Sources */ = {isa = PBXBuildFile; fileRef = 292635621CB9504A003E1DA7 /* AppDelegate.swift */; };
		292635651CB9504A003E1DA7 /* ViewController.swift in Sources */ = {isa = PBXBuildFile; fileRef = 292635641CB9504A003E1DA7 /* ViewController.swift */; };
		292635681CB9504A003E1DA7 /* Main.storyboard in Resources */ = {isa = PBXBuildFile; fileRef = 292635661CB9504A003E1DA7 /* Main.storyboard */; };
		2926356A1CB9504A003E1DA7 /* Assets.xcassets in Resources */ = {isa = PBXBuildFile; fileRef = 292635691CB9504A003E1DA7 /* Assets.xcassets */; };
		2926356D1CB9504A003E1DA7 /* LaunchScreen.storyboard in Resources */ = {isa = PBXBuildFile; fileRef = 2926356B1CB9504A003E1DA7 /* LaunchScreen.storyboard */; };
		292635791CB9505D003E1DA7 /* icon_chose_bottom@2x.png in Resources */ = {isa = PBXBuildFile; fileRef = 292635751CB9505D003E1DA7 /* icon_chose_bottom@2x.png */; };
		2926357A1CB9505D003E1DA7 /* WOWDropMenuColumn.swift in Sources */ = {isa = PBXBuildFile; fileRef = 292635761CB9505D003E1DA7 /* WOWDropMenuColumn.swift */; };
		2926357B1CB9505D003E1DA7 /* WOWDropMenuColumn.xib in Resources */ = {isa = PBXBuildFile; fileRef = 292635771CB9505D003E1DA7 /* WOWDropMenuColumn.xib */; };
		2926357C1CB9505D003E1DA7 /* WOWDropMenuView.swift in Sources */ = {isa = PBXBuildFile; fileRef = 292635781CB9505D003E1DA7 /* WOWDropMenuView.swift */; };
		2926357F1CB95078003E1DA7 /* Rectangle 506@2x.png in Resources */ = {isa = PBXBuildFile; fileRef = 2926357D1CB95078003E1DA7 /* Rectangle 506@2x.png */; };
		292635801CB95078003E1DA7 /* Rectangle 506@3x.png in Resources */ = {isa = PBXBuildFile; fileRef = 2926357E1CB95078003E1DA7 /* Rectangle 506@3x.png */; };
		292635821CB9516D003E1DA7 /* UIView+Add.swift in Sources */ = {isa = PBXBuildFile; fileRef = 292635811CB9516D003E1DA7 /* UIView+Add.swift */; };
		292635841CB953A4003E1DA7 /* duihao@2x.png in Resources */ = {isa = PBXBuildFile; fileRef = 292635831CB953A4003E1DA7 /* duihao@2x.png */; };
		292635861CB958F4003E1DA7 /* 1b4c510fd9f9d72ad752b000d72a2834349bbbfd.jpg in Resources */ = {isa = PBXBuildFile; fileRef = 292635851CB958F4003E1DA7 /* 1b4c510fd9f9d72ad752b000d72a2834349bbbfd.jpg */; };
		EBC48B512CA66AD81B4AC816 /* Pods.framework in Frameworks */ = {isa = PBXBuildFile; fileRef = B3126F31A8B85D190ADD1F7C /* Pods.framework */; };
/* End PBXBuildFile section */

/* Begin PBXFileReference section */
		0DB436BAE4605D6FBF781CFA /* Pods.debug.xcconfig */ = {isa = PBXFileReference; includeInIndex = 1; lastKnownFileType = text.xcconfig; name = Pods.debug.xcconfig; path = "Pods/Target Support Files/Pods/Pods.debug.xcconfig"; sourceTree = "<group>"; };
		2926355F1CB9504A003E1DA7 /* YPDropMenuViewDemo.app */ = {isa = PBXFileReference; explicitFileType = wrapper.application; includeInIndex = 0; path = YPDropMenuViewDemo.app; sourceTree = BUILT_PRODUCTS_DIR; };
		292635621CB9504A003E1DA7 /* AppDelegate.swift */ = {isa = PBXFileReference; lastKnownFileType = sourcecode.swift; path = AppDelegate.swift; sourceTree = "<group>"; };
		292635641CB9504A003E1DA7 /* ViewController.swift */ = {isa = PBXFileReference; lastKnownFileType = sourcecode.swift; path = ViewController.swift; sourceTree = "<group>"; };
		292635671CB9504A003E1DA7 /* Base */ = {isa = PBXFileReference; lastKnownFileType = file.storyboard; name = Base; path = Base.lproj/Main.storyboard; sourceTree = "<group>"; };
		292635691CB9504A003E1DA7 /* Assets.xcassets */ = {isa = PBXFileReference; lastKnownFileType = folder.assetcatalog; path = Assets.xcassets; sourceTree = "<group>"; };
		2926356C1CB9504A003E1DA7 /* Base */ = {isa = PBXFileReference; lastKnownFileType = file.storyboard; name = Base; path = Base.lproj/LaunchScreen.storyboard; sourceTree = "<group>"; };
		2926356E1CB9504A003E1DA7 /* Info.plist */ = {isa = PBXFileReference; lastKnownFileType = text.plist.xml; path = Info.plist; sourceTree = "<group>"; };
		292635751CB9505D003E1DA7 /* icon_chose_bottom@2x.png */ = {isa = PBXFileReference; lastKnownFileType = image.png; path = "icon_chose_bottom@2x.png"; sourceTree = "<group>"; };
		292635761CB9505D003E1DA7 /* WOWDropMenuColumn.swift */ = {isa = PBXFileReference; fileEncoding = 4; lastKnownFileType = sourcecode.swift; path = WOWDropMenuColumn.swift; sourceTree = "<group>"; };
		292635771CB9505D003E1DA7 /* WOWDropMenuColumn.xib */ = {isa = PBXFileReference; fileEncoding = 4; lastKnownFileType = file.xib; path = WOWDropMenuColumn.xib; sourceTree = "<group>"; };
		292635781CB9505D003E1DA7 /* WOWDropMenuView.swift */ = {isa = PBXFileReference; fileEncoding = 4; lastKnownFileType = sourcecode.swift; path = WOWDropMenuView.swift; sourceTree = "<group>"; };
		2926357D1CB95078003E1DA7 /* Rectangle 506@2x.png */ = {isa = PBXFileReference; lastKnownFileType = image.png; path = "Rectangle 506@2x.png"; sourceTree = "<group>"; };
		2926357E1CB95078003E1DA7 /* Rectangle 506@3x.png */ = {isa = PBXFileReference; lastKnownFileType = image.png; path = "Rectangle 506@3x.png"; sourceTree = "<group>"; };
		292635811CB9516D003E1DA7 /* UIView+Add.swift */ = {isa = PBXFileReference; fileEncoding = 4; lastKnownFileType = sourcecode.swift; path = "UIView+Add.swift"; sourceTree = "<group>"; };
		292635831CB953A4003E1DA7 /* duihao@2x.png */ = {isa = PBXFileReference; lastKnownFileType = image.png; path = "duihao@2x.png"; sourceTree = "<group>"; };
		292635851CB958F4003E1DA7 /* 1b4c510fd9f9d72ad752b000d72a2834349bbbfd.jpg */ = {isa = PBXFileReference; lastKnownFileType = image.jpeg; path = 1b4c510fd9f9d72ad752b000d72a2834349bbbfd.jpg; sourceTree = "<group>"; };
		867BC0B8CE1340F72030A617 /* Pods.release.xcconfig */ = {isa = PBXFileReference; includeInIndex = 1; lastKnownFileType = text.xcconfig; name = Pods.release.xcconfig; path = "Pods/Target Support Files/Pods/Pods.release.xcconfig"; sourceTree = "<group>"; };
		B3126F31A8B85D190ADD1F7C /* Pods.framework */ = {isa = PBXFileReference; explicitFileType = wrapper.framework; includeInIndex = 0; path = Pods.framework; sourceTree = BUILT_PRODUCTS_DIR; };
/* End PBXFileReference section */

/* Begin PBXFrameworksBuildPhase section */
		2926355C1CB9504A003E1DA7 /* Frameworks */ = {
			isa = PBXFrameworksBuildPhase;
			buildActionMask = 2147483647;
			files = (
				EBC48B512CA66AD81B4AC816 /* Pods.framework in Frameworks */,
			);
			runOnlyForDeploymentPostprocessing = 0;
		};
/* End PBXFrameworksBuildPhase section */

/* Begin PBXGroup section */
		292635561CB9504A003E1DA7 = {
			isa = PBXGroup;
			children = (
				292635611CB9504A003E1DA7 /* YPDropMenuViewDemo */,
				292635601CB9504A003E1DA7 /* Products */,
				C15CC54FE1C14FBFAD0A6B82 /* Pods */,
				4DCBCCBC0EF0D1635F8551FB /* Frameworks */,
			);
			sourceTree = "<group>";
		};
		292635601CB9504A003E1DA7 /* Products */ = {
			isa = PBXGroup;
			children = (
				2926355F1CB9504A003E1DA7 /* YPDropMenuViewDemo.app */,
			);
			name = Products;
			sourceTree = "<group>";
		};
		292635611CB9504A003E1DA7 /* YPDropMenuViewDemo */ = {
			isa = PBXGroup;
			children = (
				292635741CB9505D003E1DA7 /* WOWDropMenuView */,
				292635621CB9504A003E1DA7 /* AppDelegate.swift */,
				292635641CB9504A003E1DA7 /* ViewController.swift */,
				292635661CB9504A003E1DA7 /* Main.storyboard */,
				292635691CB9504A003E1DA7 /* Assets.xcassets */,
				2926356B1CB9504A003E1DA7 /* LaunchScreen.storyboard */,
				2926356E1CB9504A003E1DA7 /* Info.plist */,
			);
			path = YPDropMenuViewDemo;
			sourceTree = "<group>";
		};
		292635741CB9505D003E1DA7 /* WOWDropMenuView */ = {
			isa = PBXGroup;
			children = (
				292635851CB958F4003E1DA7 /* 1b4c510fd9f9d72ad752b000d72a2834349bbbfd.jpg */,
				292635831CB953A4003E1DA7 /* duihao@2x.png */,
				2926357D1CB95078003E1DA7 /* Rectangle 506@2x.png */,
				2926357E1CB95078003E1DA7 /* Rectangle 506@3x.png */,
				292635751CB9505D003E1DA7 /* icon_chose_bottom@2x.png */,
				292635811CB9516D003E1DA7 /* UIView+Add.swift */,
				292635761CB9505D003E1DA7 /* WOWDropMenuColumn.swift */,
				292635771CB9505D003E1DA7 /* WOWDropMenuColumn.xib */,
				292635781CB9505D003E1DA7 /* WOWDropMenuView.swift */,
			);
			path = WOWDropMenuView;
			sourceTree = "<group>";
		};
		4DCBCCBC0EF0D1635F8551FB /* Frameworks */ = {
			isa = PBXGroup;
			children = (
				B3126F31A8B85D190ADD1F7C /* Pods.framework */,
			);
			name = Frameworks;
			sourceTree = "<group>";
		};
		C15CC54FE1C14FBFAD0A6B82 /* Pods */ = {
			isa = PBXGroup;
			children = (
				0DB436BAE4605D6FBF781CFA /* Pods.debug.xcconfig */,
				867BC0B8CE1340F72030A617 /* Pods.release.xcconfig */,
			);
			name = Pods;
			sourceTree = "<group>";
		};
/* End PBXGroup section */

/* Begin PBXNativeTarget section */
		2926355E1CB9504A003E1DA7 /* YPDropMenuViewDemo */ = {
			isa = PBXNativeTarget;
			buildConfigurationList = 292635711CB9504A003E1DA7 /* Build configuration list for PBXNativeTarget "YPDropMenuViewDemo" */;
			buildPhases = (
				042D06047E48D228B510B46F /* Check Pods Manifest.lock */,
				2926355B1CB9504A003E1DA7 /* Sources */,
				2926355C1CB9504A003E1DA7 /* Frameworks */,
				2926355D1CB9504A003E1DA7 /* Resources */,
				9FF80252660A77DABD4AB9FA /* Embed Pods Frameworks */,
				987865F5C092B95A56738D43 /* Copy Pods Resources */,
			);
			buildRules = (
			);
			dependencies = (
			);
			name = YPDropMenuViewDemo;
			productName = YPDropMenuViewDemo;
			productReference = 2926355F1CB9504A003E1DA7 /* YPDropMenuViewDemo.app */;
			productType = "com.apple.product-type.application";
		};
/* End PBXNativeTarget section */

/* Begin PBXProject section */
		292635571CB9504A003E1DA7 /* Project object */ = {
			isa = PBXProject;
			attributes = {
				LastSwiftUpdateCheck = 0730;
				LastUpgradeCheck = 0730;
				ORGANIZATIONNAME = "王云鹏";
				TargetAttributes = {
					2926355E1CB9504A003E1DA7 = {
						CreatedOnToolsVersion = 7.3;
					};
				};
			};
			buildConfigurationList = 2926355A1CB9504A003E1DA7 /* Build configuration list for PBXProject "YPDropMenuViewDemo" */;
			compatibilityVersion = "Xcode 3.2";
			developmentRegion = English;
			hasScannedForEncodings = 0;
			knownRegions = (
				en,
				Base,
			);
			mainGroup = 292635561CB9504A003E1DA7;
			productRefGroup = 292635601CB9504A003E1DA7 /* Products */;
			projectDirPath = "";
			projectRoot = "";
			targets = (
				2926355E1CB9504A003E1DA7 /* YPDropMenuViewDemo */,
			);
		};
/* End PBXProject section */

/* Begin PBXResourcesBuildPhase section */
		2926355D1CB9504A003E1DA7 /* Resources */ = {
			isa = PBXResourcesBuildPhase;
			buildActionMask = 2147483647;
			files = (
				292635841CB953A4003E1DA7 /* duihao@2x.png in Resources */,
				292635861CB958F4003E1DA7 /* 1b4c510fd9f9d72ad752b000d72a2834349bbbfd.jpg in Resources */,
				2926356D1CB9504A003E1DA7 /* LaunchScreen.storyboard in Resources */,
				2926357F1CB95078003E1DA7 /* Rectangle 506@2x.png in Resources */,
				2926356A1CB9504A003E1DA7 /* Assets.xcassets in Resources */,
				292635681CB9504A003E1DA7 /* Main.storyboard in Resources */,
				2926357B1CB9505D003E1DA7 /* WOWDropMenuColumn.xib in Resources */,
				292635791CB9505D003E1DA7 /* icon_chose_bottom@2x.png in Resources */,
				292635801CB95078003E1DA7 /* Rectangle 506@3x.png in Resources */,
			);
			runOnlyForDeploymentPostprocessing = 0;
		};
/* End PBXResourcesBuildPhase section */

/* Begin PBXShellScriptBuildPhase section */
		042D06047E48D228B510B46F /* Check Pods Manifest.lock */ = {
			isa = PBXShellScriptBuildPhase;
			buildActionMask = 2147483647;
			files = (
			);
			inputPaths = (
			);
			name = "Check Pods Manifest.lock";
			outputPaths = (
			);
			runOnlyForDeploymentPostprocessing = 0;
			shellPath = /bin/sh;
			shellScript = "diff \"${PODS_ROOT}/../Podfile.lock\" \"${PODS_ROOT}/Manifest.lock\" > /dev/null\nif [[ $? != 0 ]] ; then\n    cat << EOM\nerror: The sandbox is not in sync with the Podfile.lock. Run 'pod install' or update your CocoaPods installation.\nEOM\n    exit 1\nfi\n";
			showEnvVarsInLog = 0;
		};
		987865F5C092B95A56738D43 /* Copy Pods Resources */ = {
			isa = PBXShellScriptBuildPhase;
			buildActionMask = 2147483647;
			files = (
			);
			inputPaths = (
			);
			name = "Copy Pods Resources";
			outputPaths = (
			);
			runOnlyForDeploymentPostprocessing = 0;
			shellPath = /bin/sh;
			shellScript = "\"${SRCROOT}/Pods/Target Support Files/Pods/Pods-resources.sh\"\n";
			showEnvVarsInLog = 0;
		};
		9FF80252660A77DABD4AB9FA /* Embed Pods Frameworks */ = {
			isa = PBXShellScriptBuildPhase;
			buildActionMask = 2147483647;
			files = (
			);
			inputPaths = (
			);
			name = "Embed Pods Frameworks";
			outputPaths = (
			);
			runOnlyForDeploymentPostprocessing = 0;
			shellPath = /bin/sh;
			shellScript = "\"${SRCROOT}/Pods/Target Support Files/Pods/Pods-frameworks.sh\"\n";
			showEnvVarsInLog = 0;
		};
/* End PBXShellScriptBuildPhase section */

/* Begin PBXSourcesBuildPhase section */
		2926355B1CB9504A003E1DA7 /* Sources */ = {
			isa = PBXSourcesBuildPhase;
			buildActionMask = 2147483647;
			files = (
				292635651CB9504A003E1DA7 /* ViewController.swift in Sources */,
				2926357A1CB9505D003E1DA7 /* WOWDropMenuColumn.swift in Sources */,
				2926357C1CB9505D003E1DA7 /* WOWDropMenuView.swift in Sources */,
				292635631CB9504A003E1DA7 /* AppDelegate.swift in Sources */,
				292635821CB9516D003E1DA7 /* UIView+Add.swift in Sources */,
			);
			runOnlyForDeploymentPostprocessing = 0;
		};
/* End PBXSourcesBuildPhase section */

/* Begin PBXVariantGroup section */
		292635661CB9504A003E1DA7 /* Main.storyboard */ = {
			isa = PBXVariantGroup;
			children = (
				292635671CB9504A003E1DA7 /* Base */,
			);
			name = Main.storyboard;
			sourceTree = "<group>";
		};
		2926356B1CB9504A003E1DA7 /* LaunchScreen.storyboard */ = {
			isa = PBXVariantGroup;
			children = (
				2926356C1CB9504A003E1DA7 /* Base */,
			);
			name = LaunchScreen.storyboard;
			sourceTree = "<group>";
		};
/* End PBXVariantGroup section */

/* Begin XCBuildConfiguration section */
		2926356F1CB9504A003E1DA7 /* Debug */ = {
			isa = XCBuildConfiguration;
			buildSettings = {
				ALWAYS_SEARCH_USER_PATHS = NO;
				CLANG_ANALYZER_NONNULL = YES;
				CLANG_CXX_LANGUAGE_STANDARD = "gnu++0x";
				CLANG_CXX_LIBRARY = "libc++";
				CLANG_ENABLE_MODULES = YES;
				CLANG_ENABLE_OBJC_ARC = YES;
				CLANG_WARN_BOOL_CONVERSION = YES;
				CLANG_WARN_CONSTANT_CONVERSION = YES;
				CLANG_WARN_DIRECT_OBJC_ISA_USAGE = YES_ERROR;
				CLANG_WARN_EMPTY_BODY = YES;
				CLANG_WARN_ENUM_CONVERSION = YES;
				CLANG_WARN_INT_CONVERSION = YES;
				CLANG_WARN_OBJC_ROOT_CLASS = YES_ERROR;
				CLANG_WARN_UNREACHABLE_CODE = YES;
				CLANG_WARN__DUPLICATE_METHOD_MATCH = YES;
				"CODE_SIGN_IDENTITY[sdk=iphoneos*]" = "iPhone Developer";
				COPY_PHASE_STRIP = NO;
				DEBUG_INFORMATION_FORMAT = dwarf;
				ENABLE_STRICT_OBJC_MSGSEND = YES;
				ENABLE_TESTABILITY = YES;
				GCC_C_LANGUAGE_STANDARD = gnu99;
				GCC_DYNAMIC_NO_PIC = NO;
				GCC_NO_COMMON_BLOCKS = YES;
				GCC_OPTIMIZATION_LEVEL = 0;
				GCC_PREPROCESSOR_DEFINITIONS = (
					"DEBUG=1",
					"$(inherited)",
				);
				GCC_WARN_64_TO_32_BIT_CONVERSION = YES;
				GCC_WARN_ABOUT_RETURN_TYPE = YES_ERROR;
				GCC_WARN_UNDECLARED_SELECTOR = YES;
				GCC_WARN_UNINITIALIZED_AUTOS = YES_AGGRESSIVE;
				GCC_WARN_UNUSED_FUNCTION = YES;
				GCC_WARN_UNUSED_VARIABLE = YES;
				IPHONEOS_DEPLOYMENT_TARGET = 9.3;
				MTL_ENABLE_DEBUG_INFO = YES;
				ONLY_ACTIVE_ARCH = YES;
				SDKROOT = iphoneos;
				SWIFT_OPTIMIZATION_LEVEL = "-Onone";
				TARGETED_DEVICE_FAMILY = "1,2";
			};
			name = Debug;
		};
		292635701CB9504A003E1DA7 /* Release */ = {
			isa = XCBuildConfiguration;
			buildSettings = {
				ALWAYS_SEARCH_USER_PATHS = NO;
				CLANG_ANALYZER_NONNULL = YES;
				CLANG_CXX_LANGUAGE_STANDARD = "gnu++0x";
				CLANG_CXX_LIBRARY = "libc++";
				CLANG_ENABLE_MODULES = YES;
				CLANG_ENABLE_OBJC_ARC = YES;
				CLANG_WARN_BOOL_CONVERSION = YES;
				CLANG_WARN_CONSTANT_CONVERSION = YES;
				CLANG_WARN_DIRECT_OBJC_ISA_USAGE = YES_ERROR;
				CLANG_WARN_EMPTY_BODY = YES;
				CLANG_WARN_ENUM_CONVERSION = YES;
				CLANG_WARN_INT_CONVERSION = YES;
				CLANG_WARN_OBJC_ROOT_CLASS = YES_ERROR;
				CLANG_WARN_UNREACHABLE_CODE = YES;
				CLANG_WARN__DUPLICATE_METHOD_MATCH = YES;
				"CODE_SIGN_IDENTITY[sdk=iphoneos*]" = "iPhone Developer";
				COPY_PHASE_STRIP = NO;
				DEBUG_INFORMATION_FORMAT = "dwarf-with-dsym";
				ENABLE_NS_ASSERTIONS = NO;
				ENABLE_STRICT_OBJC_MSGSEND = YES;
				GCC_C_LANGUAGE_STANDARD = gnu99;
				GCC_NO_COMMON_BLOCKS = YES;
				GCC_WARN_64_TO_32_BIT_CONVERSION = YES;
				GCC_WARN_ABOUT_RETURN_TYPE = YES_ERROR;
				GCC_WARN_UNDECLARED_SELECTOR = YES;
				GCC_WARN_UNINITIALIZED_AUTOS = YES_AGGRESSIVE;
				GCC_WARN_UNUSED_FUNCTION = YES;
				GCC_WARN_UNUSED_VARIABLE = YES;
				IPHONEOS_DEPLOYMENT_TARGET = 9.3;
				MTL_ENABLE_DEBUG_INFO = NO;
				SDKROOT = iphoneos;
				TARGETED_DEVICE_FAMILY = "1,2";
				VALIDATE_PRODUCT = YES;
			};
			name = Release;
		};
		292635721CB9504A003E1DA7 /* Debug */ = {
			isa = XCBuildConfiguration;
			baseConfigurationReference = 0DB436BAE4605D6FBF781CFA /* Pods.debug.xcconfig */;
			buildSettings = {
				ASSETCATALOG_COMPILER_APPICON_NAME = AppIcon;
				INFOPLIST_FILE = YPDropMenuViewDemo/Info.plist;
				LD_RUNPATH_SEARCH_PATHS = "$(inherited) @executable_path/Frameworks";
				PRODUCT_BUNDLE_IDENTIFIER = com.wow.dsgn.YPDropMenuViewDemo;
				PRODUCT_NAME = "$(TARGET_NAME)";
			};
			name = Debug;
		};
		292635731CB9504A003E1DA7 /* Release */ = {
			isa = XCBuildConfiguration;
			baseConfigurationReference = 867BC0B8CE1340F72030A617 /* Pods.release.xcconfig */;
			buildSettings = {
				ASSETCATALOG_COMPILER_APPICON_NAME = AppIcon;
				INFOPLIST_FILE = YPDropMenuViewDemo/Info.plist;
				LD_RUNPATH_SEARCH_PATHS = "$(inherited) @executable_path/Frameworks";
				PRODUCT_BUNDLE_IDENTIFIER = com.wow.dsgn.YPDropMenuViewDemo;
				PRODUCT_NAME = "$(TARGET_NAME)";
			};
			name = Release;
		};
/* End XCBuildConfiguration section */

/* Begin XCConfigurationList section */
		2926355A1CB9504A003E1DA7 /* Build configuration list for PBXProject "YPDropMenuViewDemo" */ = {
			isa = XCConfigurationList;
			buildConfigurations = (
				2926356F1CB9504A003E1DA7 /* Debug */,
				292635701CB9504A003E1DA7 /* Release */,
			);
			defaultConfigurationIsVisible = 0;
			defaultConfigurationName = Release;
		};
		292635711CB9504A003E1DA7 /* Build configuration list for PBXNativeTarget "YPDropMenuViewDemo" */ = {
			isa = XCConfigurationList;
			buildConfigurations = (
				292635721CB9504A003E1DA7 /* Debug */,
				292635731CB9504A003E1DA7 /* Release */,
			);
			defaultConfigurationIsVisible = 0;
			defaultConfigurationName = Release;
		};
/* End XCConfigurationList section */
	};
	rootObject = 292635571CB9504A003E1DA7 /* Project object */;
}
